
Microsoft Visual Studio Solution File, Format Version 12.00
# Visual Studio 15
VisualStudioVersion = 15.0.28010.2048
MinimumVisualStudioVersion = 10.0.40219.1
Project("{FAE04EC0-301F-11D3-BF4B-00C04F79EFBC}") = "Hack.Change", "Hack.Change\Hack.Change.csproj", "{F4CE661E-5C55-40F2-9ECE-A9D6280DD7D4}"
EndProject
Project("{FAE04EC0-301F-11D3-BF4B-00C04F79EFBC}") = "Hack.Change.Test", "Hack.Change.Test\Hack.Change.Test.csproj", "{CD208823-7B50-4FA5-8A51-44814F27601C}"
EndProject
Project("{FAE04EC0-301F-11D3-BF4B-00C04F79EFBC}") = "Hack.Change.Web", "Hack.Change.Web\Hack.Change.Web.csproj", "{DDA3081F-D7A9-41A6-BD9F-B82A2E8ADC8D}"
EndProject
Project("{FAE04EC0-301F-11D3-BF4B-00C04F79EFBC}") = "Hack.Change.Api", "Hack.Change.Api\Hack.Change.Api.csproj", "{32AE6F34-9631-4B16-A535-0B0592F44313}"
EndProject
Global
	GlobalSection(SolutionConfigurationPlatforms) = preSolution
		Debug|Any CPU = Debug|Any CPU
		Release|Any CPU = Release|Any CPU
	EndGlobalSection
	GlobalSection(ProjectConfigurationPlatforms) = postSolution
		{F4CE661E-5C55-40F2-9ECE-A9D6280DD7D4}.Debug|Any CPU.ActiveCfg = Debug|Any CPU
		{F4CE661E-5C55-40F2-9ECE-A9D6280DD7D4}.Debug|Any CPU.Build.0 = Debug|Any CPU
		{F4CE661E-5C55-40F2-9ECE-A9D6280DD7D4}.Release|Any CPU.ActiveCfg = Release|Any CPU
		{F4CE661E-5C55-40F2-9ECE-A9D6280DD7D4}.Release|Any CPU.Build.0 = Release|Any CPU
		{CD208823-7B50-4FA5-8A51-44814F27601C}.Debug|Any CPU.ActiveCfg = Debug|Any CPU
		{CD208823-7B50-4FA5-8A51-44814F27601C}.Debug|Any CPU.Build.0 = Debug|Any CPU
		{CD208823-7B50-4FA5-8A51-44814F27601C}.Release|Any CPU.ActiveCfg = Release|Any CPU
		{CD208823-7B50-4FA5-8A51-44814F27601C}.Release|Any CPU.Build.0 = Release|Any CPU
		{DDA3081F-D7A9-41A6-BD9F-B82A2E8ADC8D}.Debug|Any CPU.ActiveCfg = Debug|Any CPU
		{DDA3081F-D7A9-41A6-BD9F-B82A2E8ADC8D}.Debug|Any CPU.Build.0 = Debug|Any CPU
		{DDA3081F-D7A9-41A6-BD9F-B82A2E8ADC8D}.Release|Any CPU.ActiveCfg = Release|Any CPU
		{DDA3081F-D7A9-41A6-BD9F-B82A2E8ADC8D}.Release|Any CPU.Build.0 = Release|Any CPU
		{32AE6F34-9631-4B16-A535-0B0592F44313}.Debug|Any CPU.ActiveCfg = Debug|Any CPU
		{32AE6F34-9631-4B16-A535-0B0592F44313}.Debug|Any CPU.Build.0 = Debug|Any CPU
		{32AE6F34-9631-4B16-A535-0B0592F44313}.Release|Any CPU.ActiveCfg = Release|Any CPU
		{32AE6F34-9631-4B16-A535-0B0592F44313}.Release|Any CPU.Build.0 = Release|Any CPU
	EndGlobalSection
	GlobalSection(SolutionProperties) = preSolution
		HideSolutionNode = FALSE
	EndGlobalSection
	GlobalSection(ExtensibilityGlobals) = postSolution
		SolutionGuid = {51F7A861-799E-4EA3-8934-CED212B80621}
	EndGlobalSection
EndGlobal
